lockfileVersion: '9.0'

settings:
  autoInstallPeers: true
  excludeLinksFromLockfile: false

importers:

  .: {}

  packages/api:
    dependencies:
      '@fastify/cors':
        specifier: ^10.0.1
        version: 10.1.0
      '@fastify/env':
        specifier: ^5.0.1
        version: 5.0.3
      '@fastify/jwt':
        specifier: ^9.0.1
        version: 9.1.0
      '@fastify/swagger':
        specifier: ^9.8.1
        version: 9.8.1
      '@prisma/client':
        specifier: ^6.9.0
        version: 6.19.3(prisma@6.19.3(typescript@5.9.3))(typescript@5.9.3)
      '@scalar/fastify-api-reference':
        specifier: ^1.62.9
        version: 1.62.9
      bcryptjs:
        specifier: ^3.0.3
        version: 3.0.3
      dotenv:
        specifier: ^16.4.7
        version: 16.6.1
      fastify:
        specifier: ^5.2.1
        version: 5.10.0
      zod:
        specifier: ^3.24.2
        version: 3.25.76
    devDependencies:
      '@types/bcrypt':
        specifier: ^5.0.2
        version: 5.0.2
      '@types/bcryptjs':
        specifier: ^3.0.0
        version: 3.0.0
      '@types/node':
        specifier: ^22.12.0
        version: 22.20.1
      prisma:
        specifier: ^6.9.0
        version: 6.19.3(typescript@5.9.3)
      tsx:
        specifier: ^4.19.3
        version: 4.23.1
      typescript:
        specifier: ^5.7.3
        version: 5.9.3

  packages/shared:
    dependencies:
      zod:
        specifier: ^3.24.2
        version: 3.25.76
    devDependencies:
      typescript:
        specifier: ^5.7.3
        version: 5.9.3

packages:

  '@esbuild/aix-ppc64@0.28.1':
    resolution: {integrity: sha512-Svl7tq8k/08+p6CXPpRjQ1fKX+1odH/BQbb48fV6fj3CWHhsoIOoY87w1oHXm0qEpkIK3ZfVgp0hed3XBXzXMQ==}
    engines: {node: '>=18'}
    cpu: [ppc64]
    os: [aix]

  '@esbuild/android-arm64@0.28.1':
    resolution: {integrity: sha512-34EGEbCIAgosYz6goLcopX6Mo7NyGv9tfwEM2/7Ce2VcVRk568iSvniGWcUXIy7wEDR1wzolcxcriFVrWYcwBg==}
    engines: {node: '>=18'}
    cpu: [arm64]
    os: [android]

  '@esbuild/android-arm@0.28.1':
    resolution: {integrity: sha512-0k2F129Xdio1TdJfzJ8sy1Q47vUD2NnwdhiAf7drUN1EBTfPf4hsFCtmMgu/6m8JSzsBrlmVjudMBQqOfG8usQ==}
    engines: {node: '>=18'}
    cpu: [arm]
    os: [android]

  '@esbuild/android-x64@0.28.1':
    resolution: {integrity: sha512-dbwY7ltSMDWsRatcRpCnES4F+im88OCUgGZjy52shC7GqHRE/cYlxNbB4Z4UpJswpcc4Qxd2oE/ufM0p61IKng==}
    engines: {node: '>=18'}
    cpu: [x64]
    os: [android]

  '@esbuild/darwin-arm64@0.28.1':
    resolution: {integrity: sha512-TZbWkQY7kvTAXbXUT7uVACR5cMHsDiSz9z7ZKAX/RTq/WJEk3QyRr0wZpNhBDX+/0CtdqUIJlOiodQcta6tY3Q==}
    engines: {node: '>=18'}
    cpu: [arm64]
    os: [darwin]

  '@esbuild/darwin-x64@0.28.1':
    resolution: {integrity: sha512-zfdzgK9ACBNZLI/CyHTOx81SyNbM6YXn7rxSgX97VjyiPl9W1i4Ka4fgKECEoFCKGpvBj5qArWIGgQjOwkgskQ==}
    engines: {node: '>=18'}
    cpu: [x64]
    os: [darwin]

  '@esbuild/freebsd-arm64@0.28.1':
    resolution: {integrity: sha512-wG2EA8ENdEI0qhkSZMjfqrdY+ziCYCPMmtZjjIwOmXFjmyzEHn+UUxk5of+SYsjtfs3VpnlC7QLzSI5hY/rOAw==}
    engines: {node: '>=18'}
    cpu: [arm64]
    os: [freebsd]

  '@esbuild/freebsd-x64@0.28.1':
    resolution: {integrity: sha512-i7dZ9vQgnvSCzi/rYCXNgtF/U+eKZNJBzu3eTQbRgHnM7tNSizLOkRFAl3qzVc/Op/u5YkHHa4pf/3DOYHthLQ==}
    engines: {node: '>=18'}
    cpu: [x64]
    os: [freebsd]

  '@esbuild/linux-arm64@0.28.1':
    resolution: {integrity: sha512-yHs+0uc8+nvEAfAfxrWQKK5peSNzBc4PegcMO0EJ2hT71uA7vB8Ihg2e77R2P7SG5uYjPbHlLLmve4LLLRCf0g==}
    engines: {node: '>=18'}
    cpu: [arm64]
    os: [linux]

  '@esbuild/linux-arm@0.28.1':
    resolution: {integrity: sha512-qVXBOHQS+d5Y722GwJzJUtOLlX7km3CraOaGormF1pDtPd2C/l1SHRPgjLunLGe51Sh5YYWKMFDyV4SxgMQYTQ==}
    engines: {node: '>=18'}
    cpu: [arm]
    os: [linux]

  '@esbuild/linux-ia32@0.28.1':
    resolution: {integrity: sha512-d1z4ZuP0ajrfz/FhGT4vv278rX8KnPPJx8i5+AtK7TYbx9Le9F1hyzurZpkEyjkGa9dUGhQow4C1NmeGvqxN2w==}
    engines: {node: '>=18'}
    cpu: [ia32]
    os: [linux]

  '@esbuild/linux-loong64@0.28.1':
    resolution: {integrity: sha512-M5sRjUVZrkm1OAPR3dlOYzNmN+loZKGVi1VUQGrwuqLcbR6qeAz+famMhjASeH3YVKvZz+zT1jlh/keC3Rj/lg==}
    engines: {node: '>=18'}
    cpu: [loong64]
    os: [linux]

  '@esbuild/linux-mips64el@0.28.1':
    resolution: {integrity: sha512-mRObBZeHh2OxcBFPWE/FjylkRgZdYuiTR3vaTozquCGOH14iP9oN4x4Ge81CoIDYQrXmIxpFumJBu5MtZpnQJQ==}
    engines: {node: '>=18'}
    cpu: [mips64el]
    os: [linux]

  '@esbuild/linux-ppc64@0.28.1':
    resolution: {integrity: sha512-slScBsMAb3GFDcdrCgLwZtPYRoH2H/youv10QiZyRjmsP48fznoveWytSgCI/R0ZcUgpc0ZhIUEx6LHts8yrfQ==}
    engines: {node: '>=18'}
    cpu: [ppc64]
    os: [linux]

  '@esbuild/linux-riscv64@0.28.1':
    resolution: {integrity: sha512-kw0owk1o0GFETUJyW0jc0G4Yzs0BHZn0JDZ8JRT088vjJYX777BAs1fDGxAC+q831qOs2DTC96mNsG2opdfyyQ==}
    engines: {node: '>=18'}
    cpu: [riscv64]
    os: [linux]

  '@esbuild/linux-s390x@0.28.1':
    resolution: {integrity: sha512-/lAIjX8aYFRByhh6L5rYtPEDRqa9de/4V/juOXcta5frjvzXO4/sqEtyytse0g3zZFuWu5cDN0MkLz2qRDD2Ag==}
    engines: {node: '>=18'}
    cpu: [s390x]
    os: [linux]

  '@esbuild/linux-x64@0.28.1':
    resolution: {integrity: sha512-u/anNYF2mmVOEDwLtnQ1wOr3EZ9sTNGLWrsYGYwHWzGA3Si84IOkHXlbWTD1NB+9/1lcnweYKO54uhxZydNzfA==}
    engines: {node: '>=18'}
    cpu: [x64]
    os: [linux]

  '@esbuild/netbsd-arm64@0.28.1':
    resolution: {integrity: sha512-oks0DYbLwWMmaakTsCb+zL4E+aHRVLom9IJZOAthMQEPiQmydXHkziYEsGYRx0uNV/IjEKGAV941JzH02pflqw==}
    engines: {node: '>=18'}
    cpu: [arm64]
    os: [netbsd]

  '@esbuild/netbsd-x64@0.28.1':
    resolution: {integrity: sha512-aeL6lAnN89Hz43Mlh1G8ARasbuoYvSITDEx0tHh5b7jJnHcssqgjy9Yx430GDpmCa6OyrKoS0aNRjKundRizGg==}
    engines: {node: '>=18'}
    cpu: [x64]
    os: [netbsd]

  '@esbuild/openbsd-arm64@0.28.1':
    resolution: {integrity: sha512-MEFJe5C3R8pwXdZ5Y21oo6m7ePiS0d9pWucn99O/wvyJZChoIQKrQDxKrGeW8F5+T0okTHesAmDeiHDTIq0V/Q==}
    engines: {node: '>=18'}
    cpu: [arm64]
    os: [openbsd]

  '@esbuild/openbsd-x64@0.28.1':
    resolution: {integrity: sha512-i/ZLIOafE0Z8cI/XANJAixoJL/uRAoS2xOA3rb0xN+KK0K177cMAsQYkzHtBrtMXAKuAc7HGgcWiZ/sRC1Nxgw==}
    engines: {node: '>=18'}
    cpu: [x64]
    os: [openbsd]

  '@esbuild/openharmony-arm64@0.28.1':
    resolution: {integrity: sha512-ge+Z7EXFNt2BO1oAMsVpiQ8EwndV9i1xXerAeTIK7AtPs3bKFXQM7nlRxDSIUIMeueR1CNXxqztLzdNeReKBJg==}
    engines: {node: '>=18'}
    cpu: [arm64]
    os: [openharmony]

  '@esbuild/sunos-x64@0.28.1':
    resolution: {integrity: sha512-BEjgtECkL3vY+SaSQ6nzVfiALUeFxpawyp8Jmf5PtYhf1Ug40N1h/hxlhts+f1FvSvarEigdxS3BlSMI2PJLcQ==}
    engines: {node: '>=18'}
    cpu: [x64]
    os: [sunos]

  '@esbuild/win32-arm64@0.28.1':
    resolution: {integrity: sha512-lCv9eK/H6ZJWbE7bh2nw54CZ9M2nupBxJcTsdk/QQnWkdSjKGuxmmH8/GWrlT1eMmZfn4dGcCjRte397WqfQXA==}
    engines: {node: '>=18'}
    cpu: [arm64]
    os: [win32]

  '@esbuild/win32-ia32@0.28.1':
    resolution: {integrity: sha512-zvb/mB2bSCoJOpoCBgYKKpX6YM6mJBlBUVUtVj41DlZJVEB6/0CKlRYxP5wWl1C1ILiCoAU5wZZ4q1P3qeS6Eg==}
    engines: {node: '>=18'}
    cpu: [ia32]
    os: [win32]

  '@esbuild/win32-x64@0.28.1':
    resolution: {integrity: sha512-bm4Mowrv+GXMlpWX++EcXw/iLyd1o3+bJkC2DkWXYVvgZCqD/bSj9ctZeAMC3cIxgjRVR2Dufaiu4YPxr5gW1A==}
    engines: {node: '>=18'}
    cpu: [x64]
    os: [win32]

  '@fastify/ajv-compiler@4.0.5':
    resolution: {integrity: sha512-KoWKW+MhvfTRWL4qrhUwAAZoaChluo0m0vbiJlGMt2GXvL4LVPQEjt8kSpHI3IBq5Rez8fg+XeH3cneztq+C7A==}

  '@fastify/cors@10.1.0':
    resolution: {integrity: sha512-MZyBCBJtII60CU9Xme/iE4aEy8G7QpzGR8zkdXZkDFt7ElEMachbE61tfhAG/bvSaULlqlf0huMT12T7iqEmdQ==}

  '@fastify/env@5.0.3':
    resolution: {integrity: sha512-VqXKcw+keaZaCry9dDtphDQy6l+B1UOodk4q57NdIK/tjZsPMYEBTXjEDiZCAiD9KaGJXbJOMgYdgejU1iD0jA==}

  '@fastify/error@4.2.0':
    resolution: {integrity: sha512-RSo3sVDXfHskiBZKBPRgnQTtIqpi/7zhJOEmAxCiBcM7d0uwdGdxLlsCaLzGs8v8NnxIRlfG0N51p5yFaOentQ==}

  '@fastify/fast-json-stringify-compiler@5.1.0':
    resolution: {integrity: sha512-PxcYtKLbQ8Z+yApiqjK8FwxIwvEj38k2OiLc17u8dkJSlmfi2wHHPaSnaoqBPQqtvF8YVsDgDpP2snDCfFrpfw==}

  '@fastify/forwarded@3.0.1':
    resolution: {integrity: sha512-JqDochHFqXs3C3Ml3gOY58zM7OqO9ENqPo0UqAjAjH8L01fRZqwX9iLeX34//kiJubF7r2ZQHtBRU36vONbLlw==}

  '@fastify/jwt@9.1.0':
    resolution: {integrity: sha512-CiGHCnS5cPMdb004c70sUWhQTfzrJHAeTywt7nVw6dAiI0z1o4WRvU94xfijhkaId4bIxTCOjFgn4sU+Gvk43w==}

  '@fastify/merge-json-schemas@0.2.1':
    resolution: {integrity: sha512-OA3KGBCy6KtIvLf8DINC5880o5iBlDX4SxzLQS8HorJAbqluzLRn80UXU0bxZn7UOFhFgpRJDasfwn9nG4FG4A==}

  '@fastify/proxy-addr@5.1.0':
    resolution: {integrity: sha512-INS+6gh91cLUjB+PVHfu1UqcB76Sqtpyp7bnL+FYojhjygvOPA9ctiD/JDKsyD9Xgu4hUhCSJBPig/w7duNajw==}

  '@fastify/swagger@9.8.1':
    resolution: {integrity: sha512-VpHMnqZTY8iBZYJE8WWkbKPrXIYWy2rDfIf5qLr6DzZSpQYZ+KxQVcJFiq/AMlvNwI4gCBd66++iUlxXXGT0IQ==}

  '@lukeed/ms@2.0.2':
    resolution: {integrity: sha512-9I2Zn6+NJLfaGoz9jN3lpwDgAYvfGeNYdbAIjJOqzs4Tpc+VU3Jqq4IofSUBKajiDS8k9fZIg18/z13mpk1bsA==}
    engines: {node: '>=8'}

  '@pinojs/redact@0.4.0':
    resolution: {integrity: sha512-k2ENnmBugE/rzQfEcdWHcCY+/FM3VLzH9cYEsbdsoqrvzAKRhUZeRNhAZvB8OitQJ1TBed3yqWtdjzS6wJKBwg==}

  '@prisma/client@6.19.3':
    resolution: {integrity: sha512-mKq3jQFhjvko5LTJFHGilsuQs+W+T3Gm451NzuTDGQxwCzwXHYnIu2zGkRoW+Exq3Rob7yp2MfzSrdIiZVhrBg==}
    engines: {node: '>=18.18'}
    peerDependencies:
      prisma: '*'
      typescript: '>=5.1.0'
    peerDependenciesMeta:
      prisma:
        optional: true
      typescript:
        optional: true

  '@prisma/config@6.19.3':
    resolution: {integrity: sha512-CBPT44BjlQxEt8kiMEauji2WHTDoVBOKl7UlewXmUgBPnr/oPRZC3psci5chJnYmH0ivEIog2OU9PGWoki3DLQ==}

  '@prisma/debug@6.19.3':
    resolution: {integrity: sha512-ljkJ+SgpXNktLG0Q/n4JGYCkKf0f8oYLyjImS2I8e2q2WCfdRRtWER062ZV/ixaNP2M2VKlWXVJiGzZaUgbKZw==}

  '@prisma/engines-version@7.1.1-3.c2990dca591cba766e3b7ef5d9e8a84796e47ab7':
    resolution: {integrity: sha512-03bgb1VD5gvuumNf+7fVGBzfpJPjmqV423l/WxsWk2cNQ42JD0/SsFBPhN6z8iAvdHs07/7ei77SKu7aZfq8bA==}

  '@prisma/engines@6.19.3':
    resolution: {integrity: sha512-RSYxtlYFl5pJ8ZePgMv0lZ9IzVCOdTPOegrs2qcbAEFrBI1G33h6wyC9kjQvo0DnYEhEVY0X4LsuFHXLKQk88g==}

  '@prisma/fetch-engine@6.19.3':
    resolution: {integrity: sha512-tKtl/qco9Nt7LU5iKhpultD8O4vMCZcU2CHjNTnRrL1QvSUr5W/GcyFPjNL87GtRrwBc7ubXXD9xy4EvLvt8JA==}

  '@prisma/get-platform@6.19.3':
    resolution: {integrity: sha512-xFj1VcJ1N3MKooOQAGO0W5tsd0W2QzIvW7DD7c/8H14Zmp4jseeWAITm+w2LLoLrlhoHdPPh0NMZ8mfL6puoHA==}

  '@scalar/client-side-rendering@0.3.4':
    resolution: {integrity: sha512-kb3B+FGjvAUr2DU0fe9dVKBLwot1TjOO+iHCTmY8r8FUJySmYKGQYCicRzzilOyTjvKspiZBCEr03PWaWW+1gw==}
    engines: {node: '>=22'}

  '@scalar/fastify-api-reference@1.62.9':
    resolution: {integrity: sha512-L7zSh3x/LgpnLkOj2Xn4vS4aO59kytqCV25rc2wjfGlmXVb1hC2ivLOvspPWUOPXzUK9dT0XzE+ljzrnNcEd9g==}
    engines: {node: '>=22'}

  '@scalar/helpers@0.9.2':
    resolution: {integrity: sha512-hjyMpMZjTBZQhyByZmz5oUgRKUQJO5V5AOiJxsVEGbUmgA7sJRQeTrXLB+BEwzaKS5nm2opJeNyMBYLFNK4hiQ==}
    engines: {node: '>=22'}

  '@scalar/json-magic@0.12.19':
    resolution: {integrity: sha512-1T4QoFYZ1nKt25xFeHtghAuZzaLq2X4CpCSLFXG0Fjcz6K2HIZqo+RtywfI0WD8RRRRgS34keo7X4Gv1BQUNoQ==}
    engines: {node: '>=22'}

  '@scalar/openapi-parser@0.28.10':
    resolution: {integrity: sha512-jn3ftvtNTcWOgxf7XVn9CvJGMjFS7QU1b6FiGmibzAlR/6pOP3Ei7sBBnfIY4PBwHjHgMAGBoGApfOV8h75gPQ==}
    engines: {node: '>=22'}

  '@scalar/openapi-types@0.9.3':
    resolution: {integrity: sha512-34qglt5jSo55iZfH9i7EhjQCdE0Po2xZeh8wytQKolSnXrxsYMSyFDJEBxz1Gaew4on9N3XIWsd0QpwKVA5CSA==}
    engines: {node: '>=22'}

  '@scalar/openapi-upgrader@0.2.11':
    resolution: {integrity: sha512-eYEFBO8mZfgXEO/hv8rdL5OA4oOB8orFT5kXNK4I/x9xca2D7A4BteuFXqRaw9lE1CIjtG+StlAUYVz5omTXew==}
    engines: {node: '>=22'}

  '@scalar/schemas@0.7.4':
    resolution: {integrity: sha512-Or31zxR+ceGGhkVU5XBO2Zv7oyGDtjsJOjM2Rr0WRZ1/tRsQc2/FsVv+9kPmCA7sqFL8BKWlNfTXcPITI7WRHw==}
    engines: {node: '>=22'}

  '@scalar/types@0.16.4':
    resolution: {integrity: sha512-fLf0ANAC3iQq0sIVdmH6aGM+pFSLyD8GfGBxSWcLpI0jE0iFAzX2A3p0qVZm7vqBT4TQnn0fSwg5U+h+FZ52BA==}
    engines: {node: '>=22'}

  '@scalar/validation@0.6.2':
    resolution: {integrity: sha512-Sc1TkcwGV6aVCO51AyKeaGiP8gpwAHxEtO5d3tZzPV+KsnlC/YokQxFxwBrbIXw73k9hmcExnJyGu3k5i6n6VA==}
    engines: {node: '>=20'}

  '@standard-schema/spec@1.1.0':
    resolution: {integrity: sha512-l2aFy5jALhniG5HgqrD6jXLi/rUWrKvqN/qJx6yoJsgKhblVd+iqqU4RCXavm/jPityDo5TCvKMnpjKnOriy0w==}

  '@types/bcrypt@5.0.2':
    resolution: {integrity: sha512-6atioO8Y75fNcbmj0G7UjI9lXN2pQ/IGJ2FWT4a/btd0Lk9lQalHLKhkgKVZ3r+spnmWUKfbMi1GEe9wyHQfNQ==}

  '@types/bcryptjs@3.0.0':
    resolution: {integrity: sha512-WRZOuCuaz8UcZZE4R5HXTco2goQSI2XxjGY3hbM/xDvwmqFWd4ivooImsMx65OKM6CtNKbnZ5YL+YwAwK7c1dg==}
    deprecated: This is a stub types definition. bcryptjs provides its own type definitions, so you do not need this installed.

  '@types/node@22.20.1':
    resolution: {integrity: sha512-EANqOCF9QFyra+4pfxUcX9STKJpCLjMbObVzljIJomAWSnuSIEAvyzEU53GaajbXJEgdh0iEcPL+DGvpUd4k1Q==}

  abstract-logging@2.0.1:
    resolution: {integrity: sha512-2BjRTZxTPvheOvGbBslFSYOUkr+SjPtOnrLP33f+VIWLzezQpZcqVg7ja3L4dBXmzzgwT+a029jRx5PCi3JuiA==}

  ajv-draft-04@1.0.0:
    resolution: {integrity: sha512-mv00Te6nmYbRp5DCwclxtt7yV/joXJPGS7nM+97GdxvuttCOfgI3K4U25zboyeX0O+myI8ERluxQe5wljMmVIw==}
    peerDependencies:
      ajv: ^8.5.0
    peerDependenciesMeta:
      ajv:
        optional: true

  ajv-formats@3.0.1:
    resolution: {integrity: sha512-8iUql50EUR+uUcdRQ3HDqa6EVyo3docL8g5WJ3FNcWmu62IbkGUue/pEyLBW8VGKKucTPgqeks4fIU1DA4yowQ==}
    peerDependencies:
      ajv: ^8.0.0
    peerDependenciesMeta:
      ajv:
        optional: true

  ajv@8.20.0:
    resolution: {integrity: sha512-Thbli+OlOj+iMPYFBVBfJ3OmCAnaSyNn4M1vz9T6Gka5Jt9ba/HIR56joy65tY6kx/FCF5VXNB819Y7/GUrBGA==}

  asn1.js@5.4.1:
    resolution: {integrity: sha512-+I//4cYPccV8LdmBLiX8CYvf9Sp3vQsrqu2QNXRcrbiWvcx/UdlFiqUJJzxRQxgsZmvhXhn4cSKeSmoFjVdupA==}

  atomic-sleep@1.0.0:
    resolution: {integrity: sha512-kNOjDqAh7px0XWNI+4QbzoiR/nTkHAWNud2uvnJquD1/x5a7EQZMJT0AczqK0Qn67oY/TTQ1LbUKajZpp3I9tQ==}
    engines: {node: '>=8.0.0'}

  avvio@9.3.0:
    resolution: {integrity: sha512-g2tQ7LE7oOSqDfwEm3M+ZCMTJc7KiZCdJ4UwyZJb5ckTKyYu50OYmvv0mCFXPuYXoM4zkSt8zM9XQ9KCvxA74A==}

  bcryptjs@3.0.3:
    resolution: {integrity: sha512-GlF5wPWnSa/X5LKM1o0wz0suXIINz1iHRLvTS+sLyi7XPbe5ycmYI3DlZqVGZZtDgl4DmasFg7gOB3JYbphV5g==}
    hasBin: true

  bn.js@4.12.5:
    resolution: {integrity: sha512-3aRg6/JxfffFD+OlOjOFR3Vo79l39ooBTFucxx+MT3dhCtzn3EmiUPQo+6/OZuI2jbXi3YKgmiTFBgChQMwIRQ==}

  c12@3.1.0:
    resolution: {integrity: sha512-uWoS8OU1MEIsOv8p/5a82c3H31LsWVR5qiyXVfBNOzfffjUWtPnhAb4BYI2uG2HfGmZmFjCtui5XNWaps+iFuw==}
    peerDependencies:
      magicast: ^0.3.5
    peerDependenciesMeta:
      magicast:
        optional: true

  chokidar@4.0.3:
    resolution: {integrity: sha512-Qgzu8kfBvo+cA4962jnP1KkS6Dop5NS6g7R5LFYJr4b8Ub94PPQXUksCw9PvXoeXPRRddRNC5C1JQUR2SMGtnA==}
    engines: {node: '>= 14.16.0'}

  citty@0.1.6:
    resolution: {integrity: sha512-tskPPKEs8D2KPafUypv2gxwJP8h/OaJmC82QQGGDQcHvXX43xF2VDACcJVmZ0EuSxkpO9Kc4MlrA3q0+FG58AQ==}

  citty@0.2.2:
    resolution: {integrity: sha512-+6vJA3L98yv+IdfKGZHBNiGW5KHn22e/JwID0Strsz8h4S/csAu/OuICwxrg44k5MRiZHWIo8XXuJgQTriRP4w==}

  confbox@0.2.4:
    resolution: {integrity: sha512-ysOGlgTFbN2/Y6Cg3Iye8YKulHw+R2fNXHrgSmXISQdMnomY6eNDprVdW9R5xBguEqI954+S6709UyiO7B+6OQ==}

  consola@3.4.2:
    resolution: {integrity: sha512-5IKcdX0nnYavi6G7TtOhwkYzyjfJlatbjMjuLSfE2kYT5pMDOilZ4OvMhi637CcDICTmz3wARPoyhqyX1Y+XvA==}
    engines: {node: ^14.18.0 || >=16.10.0}

  cookie@1.1.1:
    resolution: {integrity: sha512-ei8Aos7ja0weRpFzJnEA9UHJ/7XQmqglbRwnf2ATjcB9Wq874VKH9kfjjirM6UhU2/E5fFYadylyhFldcqSidQ==}
    engines: {node: '>=18'}

  debug@4.4.3:
    resolution: {integrity: sha512-RGwwWnwQvkVfavKVt22FGLw+xYSdzARwm0ru6DhTVA3umU5hZc28V3kO4stgYryrTlLpuvgI9GiijltAjNbcqA==}
    engines: {node: '>=6.0'}
    peerDependencies:
      supports-color: '*'
    peerDependenciesMeta:
      supports-color:
        optional: true

  deepmerge-ts@7.1.5:
    resolution: {integrity: sha512-HOJkrhaYsweh+W+e74Yn7YStZOilkoPb6fycpwNLKzSPtruFs48nYis0zy5yJz1+ktUhHxoRDJ27RQAWLIJVJw==}
    engines: {node: '>=16.0.0'}

  defu@6.1.7:
    resolution: {integrity: sha512-7z22QmUWiQ/2d0KkdYmANbRUVABpZ9SNYyH5vx6PZ+nE5bcC0l7uFvEfHlyld/HcGBFTL536ClDt3DEcSlEJAQ==}

  dequal@2.0.3:
    resolution: {integrity: sha512-0je+qPKHEMohvfRTCEo3CrPG6cAzAYgmzKyxRiYSSDkS6eGJdyVJm7WaYA5ECaAD9wLB2T4EEeymA5aFVcYXCA==}
    engines: {node: '>=6'}

  destr@2.0.5:
    resolution: {integrity: sha512-ugFTXCtDZunbzasqBxrK93Ik/DRYsO6S/fedkWEMKqt04xZ4csmnmwGDBAb07QWNaGMAmnTIemsYZCksjATwsA==}

  dotenv-expand@10.0.0:
    resolution: {integrity: sha512-GopVGCpVS1UKH75VKHGuQFqS1Gusej0z4FyQkPdwjil2gNIv+LNsqBlboOzpJFZKVT95GkCyWJbBSdFEFUWI2A==}
    engines: {node: '>=12'}

  dotenv@16.6.1:
    resolution: {integrity: sha512-uBq4egWHTcTt33a72vpSG0z3HnPuIl6NqYcTrKEg2azoEyl2hpW0zqlxysq2pK9HlDIHyHyakeYaYnSAwd8bow==}
    engines: {node: '>=12'}

  dotenv@17.4.2:
    resolution: {integrity: sha512-nI4U3TottKAcAD9LLud4Cb7b2QztQMUEfHbvhTH09bqXTxnSie8WnjPALV/WMCrJZ6UV/qHJ6L03OqO3LcdYZw==}
    engines: {node: '>=12'}

  ecdsa-sig-formatter@1.0.11:
    resolution: {integrity: sha512-nagl3RYrbNv6kQkeJIpt6NJZy8twLB/2vtz6yN9Z4vRKHN4/QZJIEbqohALSgwKdnksuY3k5Addp5lg8sVoVcQ==}

  effect@3.21.0:
    resolution: {integrity: sha512-PPN80qRokCd1f015IANNhrwOnLO7GrrMQfk4/lnZRE/8j7UPWrNNjPV0uBrZutI/nHzernbW+J0hdqQysHiSnQ==}

  empathic@2.0.0:
    resolution: {integrity: sha512-i6UzDscO/XfAcNYD75CfICkmfLedpyPDdozrLMmQc5ORaQcdMoc21OnlEylMIqI7U8eniKrPMxxtj8k0vhmJhA==}
    engines: {node: '>=14'}

  env-schema@6.1.0:
    resolution: {integrity: sha512-TWtYV2jKe7bd/19kzvNGa8GRRrSwmIMarhcWBzuZYPbHtdlUdjYhnaFvxrO4+GvcwF10sEeVGzf9b/wqLIyf9A==}

  esbuild@0.28.1:
    resolution: {integrity: sha512-HrJrvZv5ayxBzPfwphOoNzkzOIIlifzk0KJrGK2c8R4+LKpMtpYLQeUdjnwjWv/LZlkH2laZk+4w78pi99D4Vw==}
    engines: {node: '>=18'}
    hasBin: true

  exsolve@1.1.0:
    resolution: {integrity: sha512-D+42+T12DdIlJM3uepa55qGiL3sYdLBOxIl2ifQCzCHz4c7eiolaHsi3BIqEr7JxBzxv2pYZQX9kw16ziMcEmw==}

  fast-check@3.23.2:
    resolution: {integrity: sha512-h5+1OzzfCC3Ef7VbtKdcv7zsstUQwUDlYpUTvjeUsJAssPgLn7QzbboPtL5ro04Mq0rPOsMzl7q5hIbRs2wD1A==}
    engines: {node: '>=8.0.0'}

  fast-decode-uri-component@1.0.1:
    resolution: {integrity: sha512-WKgKWg5eUxvRZGwW8FvfbaH7AXSh2cL+3j5fMGzUMCxWBJ3dV3a7Wz8y2f/uQ0e3B6WmodD3oS54jTQ9HVTIIg==}

  fast-deep-equal@3.1.3:
    resolution: {integrity: sha512-f3qQ9oQy9j2AhBe/H9VC91wLmKBCCU/gDOnKNAYG5hswO7BLKj09Hc5HYNz9cGI++xlpDCIgDaitVs03ATR84Q==}

  fast-json-stringify@7.0.1:
    resolution: {integrity: sha512-eRSayARSbbwlBjpP4vnTTIRD5QPcIrmihPxDeN1DtKnHPg66UuJLx+8hlK1kaFdjvzyQ/dzALoi4vwAQ+T+iZA==}

  fast-jwt@5.0.6:
    resolution: {integrity: sha512-LPE7OCGUl11q3ZgW681cEU2d0d2JZ37hhJAmetCgNyW8waVaJVZXhyFF6U2so1Iim58Yc7pfxJe2P7MNetQH2g==}
    engines: {node: '>=20'}

  fast-querystring@1.1.2:
    resolution: {integrity: sha512-g6KuKWmFXc0fID8WWH0jit4g0AGBoJhCkJMb1RmbsSEUNvQ+ZC8D6CUZ+GtF8nMzSPXnhiePyyqqipzNNEnHjg==}

  fast-uri@3.1.3:
    resolution: {integrity: sha512-i70LwGWUduXqzicKXWshooq+sWL1K3WUU5rKZNG/0i3a1OSoX3HqhH5WbWwTmqWfor4urUakGPiRQcleRZTwOg==}

  fast-uri@4.1.0:
    resolution: {integrity: sha512-ZodJ2cRiLVWGi9IgPb3mbgSqM4CD3LexCHkuv0FfBXHJI1ADfucTD06m6clO2Cy5RZYsw/SiCVl/dyrFI/SYWA==}

  fastfall@1.5.1:
    resolution: {integrity: sha512-KH6p+Z8AKPXnmA7+Iz2Lh8ARCMr+8WNPVludm1LGkZoD2MjY6LVnRMtTKhkdzI+jr0RzQWXKzKyBJm1zoHEL4Q==}
    engines: {node: '>=0.10.0'}

  fastify-plugin@4.5.1:
    resolution: {integrity: sha512-stRHYGeuqpEZTL1Ef0Ovr2ltazUT9g844X5z/zEBFLG8RYlpDiOCIG+ATvYEp+/zmc7sN29mcIMp8gvYplYPIQ==}

  fastify-plugin@5.1.0:
    resolution: {integrity: sha512-FAIDA8eovSt5qcDgcBvDuX/v0Cjz0ohGhENZ/wpc3y+oZCY2afZ9Baqql3g/lC+OHRnciQol4ww7tuthOb9idw==}

  fastify-plugin@6.0.0:
    resolution: {integrity: sha512-fZOty7z3O7vOliF6d8bHE3wiEh1KcNnKEQensSgTk9C1DvN6nRLS++XVd86v33Hw/8u9Un8A1zDrQ8ujcQDHEg==}

  fastify@5.10.0:
    resolution: {integrity: sha512-A9L0ziuWGQHgEEVgF3davQ9vbD93IuX+lo2IsxapQmu5b/Y/ynn9m9K5JHt9dvyJXOFc5iN0Zk5GHEOqnzhWjg==}

  fastparallel@2.4.1:
    resolution: {integrity: sha512-qUmhxPgNHmvRjZKBFUNI0oZuuH9OlSIOXmJ98lhKPxMZZ7zS/Fi0wRHOihDSz0R1YiIOjxzOY4bq65YTcdBi2Q==}

  fastq@1.20.1:
    resolution: {integrity: sha512-GGToxJ/w1x32s/D2EKND7kTil4n8OVk/9mycTc4VDza13lOvpUZTGX3mFSCtV9ksdGBVzvsyAVLM6mHFThxXxw==}

  fastseries@1.7.2:
    resolution: {integrity: sha512-dTPFrPGS8SNSzAt7u/CbMKCJ3s01N04s4JFbORHcmyvVfVKmbhMD1VtRbh5enGHxkaQDqWyLefiKOGGmohGDDQ==}

  find-my-way@9.6.0:
    resolution: {integrity: sha512-Zf4Xve4RymLl7NgaavNebZ01joJ8MfVerOG43wy7SHLO+r+K0C6d/SE0BiR7AV5V1VOCFlOP7ecdo+I4qmiHrQ==}
    engines: {node: '>=20'}

  fsevents@2.3.3:
    resolution: {integrity: sha512-5xoDfX+fL7faATnagmWPpbFtwh/R77WmMMqqHGS65C3vvB0YHrgF+B1YmZ3441tMj5n63k0212XNoJwzlhffQw==}
    engines: {node: ^8.16.0 || ^10.6.0 || >=11.0.0}
    os: [darwin]

  giget@2.0.0:
    resolution: {integrity: sha512-L5bGsVkxJbJgdnwyuheIunkGatUF/zssUoxxjACCseZYAVbaqdh9Tsmmlkl8vYan09H7sbvKt4pS8GqKLBrEzA==}
    hasBin: true

  github-slugger@2.0.0:
    resolution: {integrity: sha512-IaOQ9puYtjrkq7Y0Ygl9KDZnrf/aiUJYUpVf89y8kyaxbRG7Y1SrX/jaumrv81vc61+kiMempujsM3Yw7w5qcw==}

  inherits@2.0.4:
    resolution: {integrity: sha512-k/vGaX4/Yla3WzyMCvTQOXYeIHvqOKtnqBduzTHpzpQZzAskKMhZ2K+EnBiSM9zGSoIFeMpXKxa4dYeZIQqewQ==}

  ipaddr.js@2.4.0:
    resolution: {integrity: sha512-9VGk3HGanVE6JoZXHiCpnGy5X0jYDnN4EA4lntFPj+1vIWlFhIylq2CrrCOJH9EAhc5CYhq18F2Av2tgoAPsYQ==}
    engines: {node: '>= 10'}

  jiti@2.7.0:
    resolution: {integrity: sha512-AC/7JofJvZGrrneWNaEnJeOLUx+JlGt7tNa0wZiRPT4MY1wmfKjt2+6O2p2uz2+skll8OZZmJMNqeke7kKbNgQ==}
    hasBin: true

  json-schema-ref-resolver@3.0.0:
    resolution: {integrity: sha512-hOrZIVL5jyYFjzk7+y7n5JDzGlU8rfWDuYyHwGa2WA8/pcmMHezp2xsVwxrebD/Q9t8Nc5DboieySDpCp4WG4A==}

  json-schema-resolver@3.0.0:
    resolution: {integrity: sha512-HqMnbz0tz2DaEJ3ntsqtx3ezzZyDE7G56A/pPY/NGmrPu76UzsWquOpHFRAf5beTNXoH2LU5cQePVvRli1nchA==}
    engines: {node: '>=20'}

  json-schema-traverse@1.0.0:
    resolution: {integrity: sha512-NM8/P9n3XjXhIZn1lLhkFaACTOURQXjWhV4BA/RnOv8xvgqtqpAX9IO4mRQxSx1Rlo4tqzeqb0sOlruaOy3dug==}

  jsonpointer@5.0.1:
    resolution: {integrity: sha512-p/nXbhSEcu3pZRdkW1OfJhpsVtW1gd4Wa1fnQc9YLiTfAjn0312eMKimbdIQzuZl9aa9xUGaRlP9T/CJE/ditQ==}
    engines: {node: '>=0.10.0'}

  leven@4.1.0:
    resolution: {integrity: sha512-KZ9W9nWDT7rF7Dazg8xyLHGLrmpgq2nVNFUckhqdW3szVP6YhCpp/RAnpmVExA9JvrMynjwSLVrEj3AepHR6ew==}
    engines: {node: ^12.20.0 || ^14.13.1 || >=16.0.0}

  light-my-request@6.6.0:
    resolution: {integrity: sha512-CHYbu8RtboSIoVsHZ6Ye4cj4Aw/yg2oAFimlF7mNvfDV192LR7nDiKtSIfCuLT7KokPSTn/9kfVLm5OGN0A28A==}

  minimalistic-assert@1.0.1:
    resolution: {integrity: sha512-UtJcAD4yEaGtjPezWuO9wC4nwUnVH/8/Im3yEHQP4b67cXlD/Qr9hdITCU1xDbSEXg2XKNaP8jsReV7vQd00/A==}

  mnemonist@0.40.0:
    resolution: {integrity: sha512-kdd8AFNig2AD5Rkih7EPCXhu/iMvwevQFX/uEiGhZyPZi7fHqOoF4V4kHLpCfysxXMgQ4B52kdPMCwARshKvEg==}

  mnemonist@0.40.4:
    resolution: {integrity: sha512-ZAv+KNavneRVzu4tUeOgzkScI3W5BGwZ3rkxIpKtzzVgfTtWQFN1CgX0U72cyvyh3iTuHL3SiSmrQxTlryEIcw==}

  ms@2.1.3:
    resolution: {integrity: sha512-6FlzubTLZG3J2a/NVCAleEhjzq5oxgHyaCU9yYXvcLsvoVaHJq/s5xXI6/XXP6tz7R9xAOtHnSO/tXtF3WRTlA==}

  nanoid@5.1.16:
    resolution: {integrity: sha512-kVrnsrJqMR8+oLJnGEmSWw9BivK5mt7H3FZatVRjrc5wGqFYuBxX1yG7+A7Gi5AefkX6t/oCkizcQgpu0cY1dQ==}
    engines: {node: ^18 || >=20}
    hasBin: true

  node-fetch-native@1.6.7:
    resolution: {integrity: sha512-g9yhqoedzIUm0nTnTqAQvueMPVOuIY16bqgAJJC8XOOubYFNwz6IER9qs0Gq2Xd0+CecCKFjtdDTMA4u4xG06Q==}

  nypm@0.6.8:
    resolution: {integrity: sha512-Q9K4Diu6l5u6xJQogeFSs/zKtyMSgFKFtRQV+tHP4kL7KPm2grpBU0dFIwFaXwNxN0MtfKWc43VpCugAa+LPsw==}
    engines: {node: '>=18'}
    hasBin: true

  obliterator@2.0.5:
    resolution: {integrity: sha512-42CPE9AhahZRsMNslczq0ctAEtqk8Eka26QofnqC346BZdHDySk3LWka23LI7ULIw11NmltpiLagIq8gBozxTw==}

  ohash@2.0.11:
    resolution: {integrity: sha512-RdR9FQrFwNBNXAr4GixM8YaRZRJ5PUWbKYbE5eOsrwAjJW0q2REGcf79oYPsLyskQCZG1PLN+S/K1V00joZAoQ==}

  on-exit-leak-free@2.1.2:
    resolution: {integrity: sha512-0eJJY6hXLGf1udHwfNftBqH+g73EU4B504nZeKpz1sYRKafAghwxEJunB2O7rDZkL4PGfsMVnTXZ2EjibbqcsA==}
    engines: {node: '>=14.0.0'}

  openapi-types@12.1.3:
    resolution: {integrity: sha512-N4YtSYJqghVu4iek2ZUvcN/0aqH1kRDuNqzcycDxhOUpg7GdvLa2F3DgS6yBNhInhv2r/6I0Flkn7CqL8+nIcw==}

  pathe@2.0.3:
    resolution: {integrity: sha512-WUjGcAqP1gQacoQe+OBJsFA7Ld4DyXuUIjZ5cc75cLHvJ7dtNsTugphxIADwspS+AraAUePCKrSVtPLFj/F88w==}

  perfect-debounce@1.0.0:
    resolution: {integrity: sha512-xCy9V055GLEqoFaHoC1SoLIaLmWctgCUaBaWxDZ7/Zx4CTyX7cJQLJOok/orfjZAh9kEYpjJa4d0KcJmCbctZA==}

  pino-abstract-transport@3.0.0:
    resolution: {integrity: sha512-wlfUczU+n7Hy/Ha5j9a/gZNy7We5+cXp8YL+X+PG8S0KXxw7n/JXA3c46Y0zQznIJ83URJiwy7Lh56WLokNuxg==}

  pino-std-serializers@7.1.0:
    resolution: {integrity: sha512-BndPH67/JxGExRgiX1dX0w1FvZck5Wa4aal9198SrRhZjH3GxKQUKIBnYJTdj2HDN3UQAS06HlfcSbQj2OHmaw==}

  pino@10.3.1:
    resolution: {integrity: sha512-r34yH/GlQpKZbU1BvFFqOjhISRo1MNx1tWYsYvmj6KIRHSPMT2+yHOEb1SG6NMvRoHRF0a07kCOox/9yakl1vg==}
    hasBin: true

  pkg-types@2.3.1:
    resolution: {integrity: sha512-y+ichcgc2LrADuhLNAx8DFjVfgz91pRxfZdI3UDhxHvcVEZsenLO+7XaU5vOp0u/7V/wZ+plyuQxtrDlZJ+yeg==}

  prisma@6.19.3:
    resolution: {integrity: sha512-++ZJ0ijLrDJF6hNB4t4uxg2br3fC4H9Yc9tcbjr2fcNFP3rh/SBNrAgjhsqBU4Ght8JPrVofG/ZkXfnSfnYsFg==}
    engines: {node: '>=18.18'}
    hasBin: true
    peerDependencies:
      typescript: '>=5.1.0'
    peerDependenciesMeta:
      typescript:
        optional: true

  process-warning@4.0.1:
    resolution: {integrity: sha512-3c2LzQ3rY9d0hc1emcsHhfT9Jwz0cChib/QN89oME2R451w5fy3f0afAhERFZAwrbDU43wk12d0ORBpDVME50Q==}

  process-warning@5.0.0:
    resolution: {integrity: sha512-a39t9ApHNx2L4+HBnQKqxxHNs1r7KF+Intd8Q/g1bUh6q0WIp9voPXJ/x0j+ZL45KF1pJd9+q2jLIRMfvEshkA==}

  pure-rand@6.1.0:
    resolution: {integrity: sha512-bVWawvoZoBYpp6yIoQtQXHZjmz35RSVHnUOTefl8Vcjr8snTPY1wnpSPMWekcFwbxI6gtmT7rSYPFvz71ldiOA==}

  quick-format-unescaped@4.0.4:
    resolution: {integrity: sha512-tYC1Q1hgyRuHgloV/YXs2w15unPVh8qfu/qCTfhTYamaw7fyhumKa2yGpdSo87vY32rIclj+4fWYQXUMs9EHvg==}

  rc9@2.1.2:
    resolution: {integrity: sha512-btXCnMmRIBINM2LDZoEmOogIZU7Qe7zn4BpomSKZ/ykbLObuBdvG+mFq11DL6fjH1DRwHhrlgtYWG96bJiC7Cg==}

  readdirp@4.1.2:
    resolution: {integrity: sha512-GDhwkLfywWL2s6vEjyhri+eXmfH6j1L7JE27WhqLeYzoh/A3DBaYGEj2H/HFZCn/kMfim73FXxEJTw06WtxQwg==}
    engines: {node: '>= 14.18.0'}

  real-require@0.2.0:
    resolution: {integrity: sha512-57frrGM/OCTLqLOAh0mhVA9VBMHd+9U7Zb2THMGdBUoZVOtGbJzjxsYGDJ3A9AYYCP4hn6y1TVbaOfzWtm5GFg==}
    engines: {node: '>= 12.13.0'}

  real-require@1.0.0:
    resolution: {integrity: sha512-P4nbQYQfePJxRSmY+v/KINxVucm4NF3p3s7pJveMTtom52FR4YGltUQLB8idDXwDDWW+eYrWDFbuzUnjoWHF7g==}

  require-from-string@2.0.2:
    resolution: {integrity: sha512-Xf0nWe6RseziFMu+Ap9biiUbmplq6S9/p+7w7YXP/JBHhrUDDUhwa+vANyubuqfZWTveU//DYVGsDG7RKL/vEw==}
    engines: {node: '>=0.10.0'}

  ret@0.5.0:
    resolution: {integrity: sha512-I1XxrZSQ+oErkRR4jYbAyEEu2I0avBvvMM5JN+6EBprOGRCs63ENqZ3vjavq8fBw2+62G5LF5XelKwuJpcvcxw==}
    engines: {node: '>=10'}

  reusify@1.1.0:
    resolution: {integrity: sha512-g6QUff04oZpHs0eG5p83rFLhHeV00ug/Yf9nZM6fLeUrPguBTkTQOdpAWWspMh55TZfVQDPaN3NQJfbVRAxdIw==}
    engines: {iojs: '>=1.0.0', node: '>=0.10.0'}

  rfdc@1.4.1:
    resolution: {integrity: sha512-q1b3N5QkRUWUl7iyylaaj3kOpIT0N2i9MqIEQXP73GVsN9cw3fdx8X63cEmWhJGi2PPCF23Ijp7ktmd39rawIA==}

  safe-buffer@5.2.1:
    resolution: {integrity: sha512-rp3So07KcdmmKbGvgaNxQSJr7bGVSVk5S9Eq1F+ppbRo70+YeaDxkw5Dd8NPN+GD6bjnYm2VuPuCXmpuYvmCXQ==}

  safe-regex2@5.1.1:
    resolution: {integrity: sha512-mOSBvHGDZMuIEZMdOz/aCEYDCv0E7nfcNsIhUF+/P+xC7Hyf3FkvymqgPbg9D1EdSGu+uKbJgy09K/RKKc7kJA==}
    hasBin: true

  safe-stable-stringify@2.5.0:
    resolution: {integrity: sha512-b3rppTKm9T+PsVCBEOUR46GWI7fdOs00VKZ1+9c1EWDaDMvjQc6tUwuFyIprgGgTcWoVHSKrU8H31ZHA2e0RHA==}
    engines: {node: '>=10'}

  safer-buffer@2.1.2:
    resolution: {integrity: sha512-YZo3K82SD7Riyi0E1EQPojLz7kpepnSQI9IyPbHHg1XXXevb5dJI7tpyN2ADxGcQbHG7vcyRHk0cbwqcQriUtg==}

  secure-json-parse@4.1.0:
    resolution: {integrity: sha512-l4KnYfEyqYJxDwlNVyRfO2E4NTHfMKAWdUuA8J0yve2Dz/E/PdBepY03RvyJpssIpRFwJoCD55wA+mEDs6ByWA==}

  semver@7.8.5:
    resolution: {integrity: sha512-Y7/KDsb8LjooZpwaqGyulO6DQlksgCncchHGk+sZIY4SBvUocMBEFH5Ur1fI4dV+Jvl0w6cjvucaIi40puRioA==}
    engines: {node: '>=10'}
    hasBin: true

  set-cookie-parser@2.7.2:
    resolution: {integrity: sha512-oeM1lpU/UvhTxw+g3cIfxXHyJRc/uidd3yK1P242gzHds0udQBYzs3y8j4gCCW+ZJ7ad0yctld8RYO+bdurlvw==}

  sonic-boom@4.2.1:
    resolution: {integrity: sha512-w6AxtubXa2wTXAUsZMMWERrsIRAdrK0Sc+FUytWvYAhBJLyuI4llrMIC1DtlNSdI99EI86KZum2MMq3EAZlF9Q==}

  split2@4.2.0:
    resolution: {integrity: sha512-UcjcJOWknrNkF6PLX83qcHM6KHgVKNkV62Y8a5uYDVv9ydGQVwAHMKqHdJje1VTWpljG0WYpCDhrCdAOYH4TWg==}
    engines: {node: '>= 10.x'}

  steed@1.1.3:
    resolution: {integrity: sha512-EUkci0FAUiE4IvGTSKcDJIQ/eRUP2JJb56+fvZ4sdnguLTqIdKjSxUe138poW8mkvKWXW2sFPrgTsxqoISnmoA==}

  tagged-tag@1.0.0:
    resolution: {integrity: sha512-yEFYrVhod+hdNyx7g5Bnkkb0G6si8HJurOoOEgC8B/O0uXLHlaey/65KRv6cuWBNhBgHKAROVpc7QyYqE5gFng==}
    engines: {node: '>=20'}

  thread-stream@4.2.0:
    resolution: {integrity: sha512-e2zZ96wSChazBsbENf/Pcm/4swHt2cEKQ92rhUjkL9GCKiTDJIaTBenjE/m9DXi0QBmTMDkFDdOomUy20A1tDQ==}
    engines: {node: '>=20'}

  tinyexec@1.2.4:
    resolution: {integrity: sha512-SHf/r48b7vOrjve9PxJo3MN5v5yuyjHvdUcrQffT3WXMUfnGmHDVbC4k3sHJaJTgZCwpUplIaAo5ANtMyp3YHg==}
    engines: {node: '>=18'}

  toad-cache@3.7.4:
    resolution: {integrity: sha512-m1TdR/rvT7kgGJZhspNtXdsdYk0fddFpJJFlG5s+UkPFo6lkLoZ3YLOaovPYjq1R75NP5JfeTlSHaOsE09peCg==}
    engines: {node: '>=20'}

  tsx@4.23.1:
    resolution: {integrity: sha512-GQHnkIfxyx1wYCOS/wonik5MVRZU9hi1TEZmzGZSCJB1y9YgoZ8H6itNE/u4suE+yLmOzuE4E5S4TZ/ZX2wcWQ==}
    engines: {node: '>=18.0.0'}
    hasBin: true

  type-fest@5.8.0:
    resolution: {integrity: sha512-YGYEVz3Fm5iy/AybuA0oyNFq7H4CgQNfRp/qfe8nurE1kuCeNm3/vfm9X4Mtl+qLyaKJUh5xrFZwogr41SMjYA==}
    engines: {node: '>=20'}

  typescript@5.9.3:
    resolution: {integrity: sha512-jl1vZzPDinLr9eUt3J/t7V6FgNEw9QjvBPdysz9KfQDD41fQrC2Y4vKQdiaUpFT4bXlb1RHhLpp8wtm6M5TgSw==}
    engines: {node: '>=14.17'}
    hasBin: true

  undici-types@6.21.0:
    resolution: {integrity: sha512-iwDZqg0QAGrg9Rav5H4n0M64c3mkR59cJ6wQp+7C4nI0gsmExaedaYLNO44eT4AtBBwjbTiGPMlt2Md0T9H9JQ==}

  xtend@4.0.2:
    resolution: {integrity: sha512-LKYU1iAXJXUgAXn9URjiu+MWhyUXHsvfp7mcuYm9dSUKK0/CjtrUwFAxD82/mCWbtLsGjFIad0wIsod4zrTAEQ==}
    engines: {node: '>=0.4'}

  yaml@2.9.0:
    resolution: {integrity: sha512-2AvhNX3mb8zd6Zy7INTtSpl1F15HW6Wnqj0srWlkKLcpYl/gMIMJiyuGq2KeI2YFxUPjdlB+3Lc10seMLtL4cA==}
    engines: {node: '>= 14.6'}
    hasBin: true

  zod@3.25.76:
    resolution: {integrity: sha512-gzUt/qt81nXsFGKIFcC3YnfEAx5NkunCfnDlvuBSSFS02bcXu4Lmea0AFIUwbLWxWPx3d9p8S5QoaujKcNQxcQ==}

  zod@4.4.3:
    resolution: {integrity: sha512-ytENFjIJFl2UwYglde2jchW2Hwm4GJFLDiSXWdTrJQBIN9Fcyp7n4DhxJEiWNAJMV1/BqWfW/kkg71UDcHJyTQ==}

snapshots:

  '@esbuild/aix-ppc64@0.28.1':
    optional: true

  '@esbuild/android-arm64@0.28.1':
    optional: true

  '@esbuild/android-arm@0.28.1':
    optional: true

  '@esbuild/android-x64@0.28.1':
    optional: true

  '@esbuild/darwin-arm64@0.28.1':
    optional: true

  '@esbuild/darwin-x64@0.28.1':
    optional: true

  '@esbuild/freebsd-arm64@0.28.1':
    optional: true

  '@esbuild/freebsd-x64@0.28.1':
    optional: true

  '@esbuild/linux-arm64@0.28.1':
    optional: true

  '@esbuild/linux-arm@0.28.1':
    optional: true

  '@esbuild/linux-ia32@0.28.1':
    optional: true

  '@esbuild/linux-loong64@0.28.1':
    optional: true

  '@esbuild/linux-mips64el@0.28.1':
    optional: true

  '@esbuild/linux-ppc64@0.28.1':
    optional: true

  '@esbuild/linux-riscv64@0.28.1':
    optional: true

  '@esbuild/linux-s390x@0.28.1':
    optional: true

  '@esbuild/linux-x64@0.28.1':
    optional: true

  '@esbuild/netbsd-arm64@0.28.1':
    optional: true

  '@esbuild/netbsd-x64@0.28.1':
    optional: true

  '@esbuild/openbsd-arm64@0.28.1':
    optional: true

  '@esbuild/openbsd-x64@0.28.1':
    optional: true

  '@esbuild/openharmony-arm64@0.28.1':
    optional: true

  '@esbuild/sunos-x64@0.28.1':
    optional: true

  '@esbuild/win32-arm64@0.28.1':
    optional: true

  '@esbuild/win32-ia32@0.28.1':
    optional: true

  '@esbuild/win32-x64@0.28.1':
    optional: true

  '@fastify/ajv-compiler@4.0.5':
    dependencies:
      ajv: 8.20.0
      ajv-formats: 3.0.1(ajv@8.20.0)
      fast-uri: 3.1.3

  '@fastify/cors@10.1.0':
    dependencies:
      fastify-plugin: 5.1.0
      mnemonist: 0.40.0

  '@fastify/env@5.0.3':
    dependencies:
      env-schema: 6.1.0
      fastify-plugin: 5.1.0

  '@fastify/error@4.2.0': {}

  '@fastify/fast-json-stringify-compiler@5.1.0':
    dependencies:
      fast-json-stringify: 7.0.1

  '@fastify/forwarded@3.0.1': {}

  '@fastify/jwt@9.1.0':
    dependencies:
      '@fastify/error': 4.2.0
      '@lukeed/ms': 2.0.2
      fast-jwt: 5.0.6
      fastify-plugin: 5.1.0
      steed: 1.1.3

  '@fastify/merge-json-schemas@0.2.1':
    dependencies:
      dequal: 2.0.3

  '@fastify/proxy-addr@5.1.0':
    dependencies:
      '@fastify/forwarded': 3.0.1
      ipaddr.js: 2.4.0

  '@fastify/swagger@9.8.1':
    dependencies:
      fastify-plugin: 6.0.0
      json-schema-resolver: 3.0.0
      openapi-types: 12.1.3
      rfdc: 1.4.1
      yaml: 2.9.0
    transitivePeerDependencies:
      - supports-color

  '@lukeed/ms@2.0.2': {}

  '@pinojs/redact@0.4.0': {}

  '@prisma/client@6.19.3(prisma@6.19.3(typescript@5.9.3))(typescript@5.9.3)':
    optionalDependencies:
      prisma: 6.19.3(typescript@5.9.3)
      typescript: 5.9.3

  '@prisma/config@6.19.3':
    dependencies:
      c12: 3.1.0
      deepmerge-ts: 7.1.5
      effect: 3.21.0
      empathic: 2.0.0
    transitivePeerDependencies:
      - magicast

  '@prisma/debug@6.19.3': {}

  '@prisma/engines-version@7.1.1-3.c2990dca591cba766e3b7ef5d9e8a84796e47ab7': {}

  '@prisma/engines@6.19.3':
    dependencies:
      '@prisma/debug': 6.19.3
      '@prisma/engines-version': 7.1.1-3.c2990dca591cba766e3b7ef5d9e8a84796e47ab7
      '@prisma/fetch-engine': 6.19.3
      '@prisma/get-platform': 6.19.3

  '@prisma/fetch-engine@6.19.3':
    dependencies:
      '@prisma/debug': 6.19.3
      '@prisma/engines-version': 7.1.1-3.c2990dca591cba766e3b7ef5d9e8a84796e47ab7
      '@prisma/get-platform': 6.19.3

  '@prisma/get-platform@6.19.3':
    dependencies:
      '@prisma/debug': 6.19.3

  '@scalar/client-side-rendering@0.3.4':
    dependencies:
      '@scalar/schemas': 0.7.4
      '@scalar/types': 0.16.4
      '@scalar/validation': 0.6.2

  '@scalar/fastify-api-reference@1.62.9':
    dependencies:
      '@scalar/client-side-rendering': 0.3.4
      '@scalar/openapi-parser': 0.28.10
      '@scalar/openapi-types': 0.9.3
      fastify-plugin: 4.5.1
      github-slugger: 2.0.0

  '@scalar/helpers@0.9.2': {}

  '@scalar/json-magic@0.12.19':
    dependencies:
      '@scalar/helpers': 0.9.2
      pathe: 2.0.3
      yaml: 2.9.0

  '@scalar/openapi-parser@0.28.10':
    dependencies:
      '@scalar/helpers': 0.9.2
      '@scalar/json-magic': 0.12.19
      '@scalar/openapi-types': 0.9.3
      '@scalar/openapi-upgrader': 0.2.11
      ajv: 8.20.0
      ajv-draft-04: 1.0.0(ajv@8.20.0)
      ajv-formats: 3.0.1(ajv@8.20.0)
      jsonpointer: 5.0.1
      leven: 4.1.0
      yaml: 2.9.0

  '@scalar/openapi-types@0.9.3': {}

  '@scalar/openapi-upgrader@0.2.11':
    dependencies:
      '@scalar/openapi-types': 0.9.3

  '@scalar/schemas@0.7.4':
    dependencies:
      '@scalar/helpers': 0.9.2
      '@scalar/validation': 0.6.2

  '@scalar/types@0.16.4':
    dependencies:
      '@scalar/helpers': 0.9.2
      nanoid: 5.1.16
      type-fest: 5.8.0
      zod: 4.4.3

  '@scalar/validation@0.6.2': {}

  '@standard-schema/spec@1.1.0': {}

  '@types/bcrypt@5.0.2':
    dependencies:
      '@types/node': 22.20.1

  '@types/bcryptjs@3.0.0':
    dependencies:
      bcryptjs: 3.0.3

  '@types/node@22.20.1':
    dependencies:
      undici-types: 6.21.0

  abstract-logging@2.0.1: {}

  ajv-draft-04@1.0.0(ajv@8.20.0):
    optionalDependencies:
      ajv: 8.20.0

  ajv-formats@3.0.1(ajv@8.20.0):
    optionalDependencies:
      ajv: 8.20.0

  ajv@8.20.0:
    dependencies:
      fast-deep-equal: 3.1.3
      fast-uri: 3.1.3
      json-schema-traverse: 1.0.0
      require-from-string: 2.0.2

  asn1.js@5.4.1:
    dependencies:
      bn.js: 4.12.5
      inherits: 2.0.4
      minimalistic-assert: 1.0.1
      safer-buffer: 2.1.2

  atomic-sleep@1.0.0: {}

  avvio@9.3.0:
    dependencies:
      '@fastify/error': 4.2.0
      fastq: 1.20.1

  bcryptjs@3.0.3: {}

  bn.js@4.12.5: {}

  c12@3.1.0:
    dependencies:
      chokidar: 4.0.3
      confbox: 0.2.4
      defu: 6.1.7
      dotenv: 16.6.1
      exsolve: 1.1.0
      giget: 2.0.0
      jiti: 2.7.0
      ohash: 2.0.11
      pathe: 2.0.3
      perfect-debounce: 1.0.0
      pkg-types: 2.3.1
      rc9: 2.1.2

  chokidar@4.0.3:
    dependencies:
      readdirp: 4.1.2

  citty@0.1.6:
    dependencies:
      consola: 3.4.2

  citty@0.2.2: {}

  confbox@0.2.4: {}

  consola@3.4.2: {}

  cookie@1.1.1: {}

  debug@4.4.3:
    dependencies:
      ms: 2.1.3

  deepmerge-ts@7.1.5: {}

  defu@6.1.7: {}

  dequal@2.0.3: {}

  destr@2.0.5: {}

  dotenv-expand@10.0.0: {}

  dotenv@16.6.1: {}

  dotenv@17.4.2: {}

  ecdsa-sig-formatter@1.0.11:
    dependencies:
      safe-buffer: 5.2.1

  effect@3.21.0:
    dependencies:
      '@standard-schema/spec': 1.1.0
      fast-check: 3.23.2

  empathic@2.0.0: {}

  env-schema@6.1.0:
    dependencies:
      ajv: 8.20.0
      dotenv: 17.4.2
      dotenv-expand: 10.0.0

  esbuild@0.28.1:
    optionalDependencies:
      '@esbuild/aix-ppc64': 0.28.1
      '@esbuild/android-arm': 0.28.1
      '@esbuild/android-arm64': 0.28.1
      '@esbuild/android-x64': 0.28.1
      '@esbuild/darwin-arm64': 0.28.1
      '@esbuild/darwin-x64': 0.28.1
      '@esbuild/freebsd-arm64': 0.28.1
      '@esbuild/freebsd-x64': 0.28.1
      '@esbuild/linux-arm': 0.28.1
      '@esbuild/linux-arm64': 0.28.1
      '@esbuild/linux-ia32': 0.28.1
      '@esbuild/linux-loong64': 0.28.1
      '@esbuild/linux-mips64el': 0.28.1
      '@esbuild/linux-ppc64': 0.28.1
      '@esbuild/linux-riscv64': 0.28.1
      '@esbuild/linux-s390x': 0.28.1
      '@esbuild/linux-x64': 0.28.1
      '@esbuild/netbsd-arm64': 0.28.1
      '@esbuild/netbsd-x64': 0.28.1
      '@esbuild/openbsd-arm64': 0.28.1
      '@esbuild/openbsd-x64': 0.28.1
      '@esbuild/openharmony-arm64': 0.28.1
      '@esbuild/sunos-x64': 0.28.1
      '@esbuild/win32-arm64': 0.28.1
      '@esbuild/win32-ia32': 0.28.1
      '@esbuild/win32-x64': 0.28.1

  exsolve@1.1.0: {}

  fast-check@3.23.2:
    dependencies:
      pure-rand: 6.1.0

  fast-decode-uri-component@1.0.1: {}

  fast-deep-equal@3.1.3: {}

  fast-json-stringify@7.0.1:
    dependencies:
      '@fastify/merge-json-schemas': 0.2.1
      ajv: 8.20.0
      ajv-formats: 3.0.1(ajv@8.20.0)
      fast-uri: 4.1.0
      json-schema-ref-resolver: 3.0.0
      rfdc: 1.4.1

  fast-jwt@5.0.6:
    dependencies:
      '@lukeed/ms': 2.0.2
      asn1.js: 5.4.1
      ecdsa-sig-formatter: 1.0.11
      mnemonist: 0.40.4

  fast-querystring@1.1.2:
    dependencies:
      fast-decode-uri-component: 1.0.1

  fast-uri@3.1.3: {}

  fast-uri@4.1.0: {}

  fastfall@1.5.1:
    dependencies:
      reusify: 1.1.0

  fastify-plugin@4.5.1: {}

  fastify-plugin@5.1.0: {}

  fastify-plugin@6.0.0: {}

  fastify@5.10.0:
    dependencies:
      '@fastify/ajv-compiler': 4.0.5
      '@fastify/error': 4.2.0
      '@fastify/fast-json-stringify-compiler': 5.1.0
      '@fastify/proxy-addr': 5.1.0
      abstract-logging: 2.0.1
      avvio: 9.3.0
      fast-json-stringify: 7.0.1
      find-my-way: 9.6.0
      light-my-request: 6.6.0
      pino: 10.3.1
      process-warning: 5.0.0
      rfdc: 1.4.1
      secure-json-parse: 4.1.0
      semver: 7.8.5
      toad-cache: 3.7.4

  fastparallel@2.4.1:
    dependencies:
      reusify: 1.1.0
      xtend: 4.0.2

  fastq@1.20.1:
    dependencies:
      reusify: 1.1.0

  fastseries@1.7.2:
    dependencies:
      reusify: 1.1.0
      xtend: 4.0.2

  find-my-way@9.6.0:
    dependencies:
      fast-deep-equal: 3.1.3
      fast-querystring: 1.1.2
      safe-regex2: 5.1.1

  fsevents@2.3.3:
    optional: true

  giget@2.0.0:
    dependencies:
      citty: 0.1.6
      consola: 3.4.2
      defu: 6.1.7
      node-fetch-native: 1.6.7
      nypm: 0.6.8
      pathe: 2.0.3

  github-slugger@2.0.0: {}

  inherits@2.0.4: {}

  ipaddr.js@2.4.0: {}

  jiti@2.7.0: {}

  json-schema-ref-resolver@3.0.0:
    dependencies:
      dequal: 2.0.3

  json-schema-resolver@3.0.0:
    dependencies:
      debug: 4.4.3
      fast-uri: 3.1.3
      rfdc: 1.4.1
    transitivePeerDependencies:
      - supports-color

  json-schema-traverse@1.0.0: {}

  jsonpointer@5.0.1: {}

  leven@4.1.0: {}

  light-my-request@6.6.0:
    dependencies:
      cookie: 1.1.1
      process-warning: 4.0.1
      set-cookie-parser: 2.7.2

  minimalistic-assert@1.0.1: {}

  mnemonist@0.40.0:
    dependencies:
      obliterator: 2.0.5

  mnemonist@0.40.4:
    dependencies:
      obliterator: 2.0.5

  ms@2.1.3: {}

  nanoid@5.1.16: {}

  node-fetch-native@1.6.7: {}

  nypm@0.6.8:
    dependencies:
      citty: 0.2.2
      pathe: 2.0.3
      tinyexec: 1.2.4

  obliterator@2.0.5: {}

  ohash@2.0.11: {}

  on-exit-leak-free@2.1.2: {}

  openapi-types@12.1.3: {}

  pathe@2.0.3: {}

  perfect-debounce@1.0.0: {}

  pino-abstract-transport@3.0.0:
    dependencies:
      split2: 4.2.0

  pino-std-serializers@7.1.0: {}

  pino@10.3.1:
    dependencies:
      '@pinojs/redact': 0.4.0
      atomic-sleep: 1.0.0
      on-exit-leak-free: 2.1.2
      pino-abstract-transport: 3.0.0
      pino-std-serializers: 7.1.0
      process-warning: 5.0.0
      quick-format-unescaped: 4.0.4
      real-require: 0.2.0
      safe-stable-stringify: 2.5.0
      sonic-boom: 4.2.1
      thread-stream: 4.2.0

  pkg-types@2.3.1:
    dependencies:
      confbox: 0.2.4
      exsolve: 1.1.0
      pathe: 2.0.3

  prisma@6.19.3(typescript@5.9.3):
    dependencies:
      '@prisma/config': 6.19.3
      '@prisma/engines': 6.19.3
    optionalDependencies:
      typescript: 5.9.3
    transitivePeerDependencies:
      - magicast

  process-warning@4.0.1: {}

  process-warning@5.0.0: {}

  pure-rand@6.1.0: {}

  quick-format-unescaped@4.0.4: {}

  rc9@2.1.2:
    dependencies:
      defu: 6.1.7
      destr: 2.0.5

  readdirp@4.1.2: {}

  real-require@0.2.0: {}

  real-require@1.0.0: {}

  require-from-string@2.0.2: {}

  ret@0.5.0: {}

  reusify@1.1.0: {}

  rfdc@1.4.1: {}

  safe-buffer@5.2.1: {}

  safe-regex2@5.1.1:
    dependencies:
      ret: 0.5.0

  safe-stable-stringify@2.5.0: {}

  safer-buffer@2.1.2: {}

  secure-json-parse@4.1.0: {}

  semver@7.8.5: {}

  set-cookie-parser@2.7.2: {}

  sonic-boom@4.2.1:
    dependencies:
      atomic-sleep: 1.0.0

  split2@4.2.0: {}

  steed@1.1.3:
    dependencies:
      fastfall: 1.5.1
      fastparallel: 2.4.1
      fastq: 1.20.1
      fastseries: 1.7.2
      reusify: 1.1.0

  tagged-tag@1.0.0: {}

  thread-stream@4.2.0:
    dependencies:
      real-require: 1.0.0

  tinyexec@1.2.4: {}

  toad-cache@3.7.4: {}

  tsx@4.23.1:
    dependencies:
      esbuild: 0.28.1
    optionalDependencies:
      fsevents: 2.3.3

  type-fest@5.8.0:
    dependencies:
      tagged-tag: 1.0.0

  typescript@5.9.3: {}

  undici-types@6.21.0: {}

  xtend@4.0.2: {}

  yaml@2.9.0: {}

  zod@3.25.76: {}

  zod@4.4.3: {}
